
Microsoft Visual Studio Solution File, Format Version 12.00
# Visual Studio Version 17
VisualStudioVersion = 17.8.34330.188
MinimumVisualStudioVersion = 10.0.40219.1
Project("{FAE04EC0-301F-11D3-BF4B-00C04F79EFBC}") = "CoffeeMachineApi", "CoffeeMachineApi\CoffeeMachineApi.csproj", "{8EDB6C1E-30D1-4A15-960D-80445D98942B}"
EndProject
Project("{FAE04EC0-301F-11D3-BF4B-00C04F79EFBC}") = "CoffeeMachineApi.UnitTest", "CoffeeMachineApi.UnitTest\CoffeeMachineApi.UnitTest.csproj", "{2388BD79-043B-4CA7-9D42-F5B62D256B61}"
EndProject
Project("{FAE04EC0-301F-11D3-BF4B-00C04F79EFBC}") = "CoffeeMachineApi.IntegrationTest", "CoffeeMachineApi.IntegrationTest\CoffeeMachineApi.IntegrationTest.csproj", "{F62F32A8-306B-4CCC-A78D-74C4B2C8844E}"
EndProject
Global
	GlobalSection(SolutionConfigurationPlatforms) = preSolution
		Debug|Any CPU = Debug|Any CPU
		Release|Any CPU = Release|Any CPU
	EndGlobalSection
	GlobalSection(ProjectConfigurationPlatforms) = postSolution
		{8EDB6C1E-30D1-4A15-960D-80445D98942B}.Debug|Any CPU.ActiveCfg = Debug|Any CPU
		{8EDB6C1E-30D1-4A15-960D-80445D98942B}.Debug|Any CPU.Build.0 = Debug|Any CPU
		{8EDB6C1E-30D1-4A15-960D-80445D98942B}.Release|Any CPU.ActiveCfg = Release|Any CPU
		{8EDB6C1E-30D1-4A15-960D-80445D98942B}.Release|Any CPU.Build.0 = Release|Any CPU
		{2388BD79-043B-4CA7-9D42-F5B62D256B61}.Debug|Any CPU.ActiveCfg = Debug|Any CPU
		{2388BD79-043B-4CA7-9D42-F5B62D256B61}.Debug|Any CPU.Build.0 = Debug|Any CPU
		{2388BD79-043B-4CA7-9D42-F5B62D256B61}.Release|Any CPU.ActiveCfg = Release|Any CPU
		{2388BD79-043B-4CA7-9D42-F5B62D256B61}.Release|Any CPU.Build.0 = Release|Any CPU
		{F62F32A8-306B-4CCC-A78D-74C4B2C8844E}.Debug|Any CPU.ActiveCfg = Debug|Any CPU
		{F62F32A8-306B-4CCC-A78D-74C4B2C8844E}.Debug|Any CPU.Build.0 = Debug|Any CPU
		{F62F32A8-306B-4CCC-A78D-74C4B2C8844E}.Release|Any CPU.ActiveCfg = Release|Any CPU
		{F62F32A8-306B-4CCC-A78D-74C4B2C8844E}.Release|Any CPU.Build.0 = Release|Any CPU
	EndGlobalSection
	GlobalSection(SolutionProperties) = preSolution
		HideSolutionNode = FALSE
	EndGlobalSection
	GlobalSection(ExtensibilityGlobals) = postSolution
		SolutionGuid = {7538F283-8534-4228-B2B6-FB081A468179}
	EndGlobalSection
EndGlobal
